
Microsoft Visual Studio Solution File, Format Version 12.00
# Visual Studio Version 16
VisualStudioVersion = 16.0.29306.81
MinimumVisualStudioVersion = 10.0.40219.1
Project("{FAE04EC0-301F-11D3-BF4B-00C04F79EFBC}") = "image-cropper", "image-cropper\image-cropper.csproj", "{DBCE1638-F952-469E-A46E-976F4431BB95}"
EndProject
Global
	GlobalSection(SolutionConfigurationPlatforms) = preSolution
		Debug|Any CPU = Debug|Any CPU
		Release|Any CPU = Release|Any CPU
	EndGlobalSection
	GlobalSection(ProjectConfigurationPlatforms) = postSolution
		{DBCE1638-F952-469E-A46E-976F4431BB95}.Debug|Any CPU.ActiveCfg = Debug|Any CPU
		{DBCE1638-F952-469E-A46E-976F4431BB95}.Debug|Any CPU.Build.0 = Debug|Any CPU
		{DBCE1638-F952-469E-A46E-976F4431BB95}.Release|Any CPU.ActiveCfg = Release|Any CPU
		{DBCE1638-F952-469E-A46E-976F4431BB95}.Release|Any CPU.Build.0 = Release|Any CPU
	EndGlobalSection
	GlobalSection(SolutionProperties) = preSolution
		HideSolutionNode = FALSE
	EndGlobalSection
	GlobalSection(ExtensibilityGlobals) = postSolution
		SolutionGuid = {B0EE1D33-6DE3-479E-B71B-2C11CEDDB0D7}
	EndGlobalSection
EndGlobal
